
Microsoft Visual Studio Solution File, Format Version 12.00
# Visual Studio 15
Project("{FAE04EC0-301F-11D3-BF4B-00C04F79EFBC}") = "GreatQuotes", "GreatQuotes.csproj", "{75F15AD9-76D2-4179-840E-EDA33865B7ED}"
EndProject
Project("{FAE04EC0-301F-11D3-BF4B-00C04F79EFBC}") = "GreatQuotes.IOS", "GreatQuotes.iOS\GreatQuotes.IOS.csproj", "{0C0A5611-99A6-4A85-AF1E-40F765FF02BF}"
EndProject
Project("{FAE04EC0-301F-11D3-BF4B-00C04F79EFBC}") = "GreatQuotes.Android", "GreatQuotes.Android\GreatQuotes.Android.csproj", "{DCBFD412-F64D-4806-84B0-FFC541AF5956}"
EndProject
Project("{FAE04EC0-301F-11D3-BF4B-00C04F79EFBC}") = "GreatQuotes.Data", "GreatQuotes.Data\GreatQuotes.Data.csproj", "{890A470A-6CE8-4D6D-B16D-7EE2A68C0230}"
EndProject
Global
	GlobalSection(SolutionConfigurationPlatforms) = preSolution
		Debug|x86 = Debug|x86
		Release|x86 = Release|x86
		Debug|iPhoneSimulator = Debug|iPhoneSimulator
		Release|iPhone = Release|iPhone
		Release|iPhoneSimulator = Release|iPhoneSimulator
		Debug|iPhone = Debug|iPhone
	EndGlobalSection
	GlobalSection(ProjectConfigurationPlatforms) = postSolution
		{75F15AD9-76D2-4179-840E-EDA33865B7ED}.Debug|x86.ActiveCfg = Debug|x86
		{75F15AD9-76D2-4179-840E-EDA33865B7ED}.Debug|x86.Build.0 = Debug|x86
		{75F15AD9-76D2-4179-840E-EDA33865B7ED}.Release|x86.ActiveCfg = Release|x86
		{75F15AD9-76D2-4179-840E-EDA33865B7ED}.Release|x86.Build.0 = Release|x86
		{75F15AD9-76D2-4179-840E-EDA33865B7ED}.Debug|iPhoneSimulator.ActiveCfg = Debug|Any CPU
		{75F15AD9-76D2-4179-840E-EDA33865B7ED}.Release|iPhone.ActiveCfg = Release|Any CPU
		{75F15AD9-76D2-4179-840E-EDA33865B7ED}.Release|iPhoneSimulator.ActiveCfg = Release|Any CPU
		{75F15AD9-76D2-4179-840E-EDA33865B7ED}.Debug|iPhone.ActiveCfg = Debug|Any CPU
		{0C0A5611-99A6-4A85-AF1E-40F765FF02BF}.Debug|x86.ActiveCfg = Debug|iPhoneSimulator
		{0C0A5611-99A6-4A85-AF1E-40F765FF02BF}.Debug|x86.Build.0 = Debug|iPhoneSimulator
		{0C0A5611-99A6-4A85-AF1E-40F765FF02BF}.Release|x86.ActiveCfg = Release|iPhone
		{0C0A5611-99A6-4A85-AF1E-40F765FF02BF}.Release|x86.Build.0 = Release|iPhone
		{0C0A5611-99A6-4A85-AF1E-40F765FF02BF}.Debug|iPhoneSimulator.ActiveCfg = Debug|iPhoneSimulator
		{0C0A5611-99A6-4A85-AF1E-40F765FF02BF}.Debug|iPhoneSimulator.Build.0 = Debug|iPhoneSimulator
		{0C0A5611-99A6-4A85-AF1E-40F765FF02BF}.Release|iPhone.ActiveCfg = Release|iPhone
		{0C0A5611-99A6-4A85-AF1E-40F765FF02BF}.Release|iPhone.Build.0 = Release|iPhone
		{0C0A5611-99A6-4A85-AF1E-40F765FF02BF}.Release|iPhoneSimulator.ActiveCfg = Release|iPhoneSimulator
		{0C0A5611-99A6-4A85-AF1E-40F765FF02BF}.Release|iPhoneSimulator.Build.0 = Release|iPhoneSimulator
		{0C0A5611-99A6-4A85-AF1E-40F765FF02BF}.Debug|iPhone.ActiveCfg = Debug|iPhone
		{0C0A5611-99A6-4A85-AF1E-40F765FF02BF}.Debug|iPhone.Build.0 = Debug|iPhone
		{DCBFD412-F64D-4806-84B0-FFC541AF5956}.Debug|x86.ActiveCfg = Debug|Any CPU
		{DCBFD412-F64D-4806-84B0-FFC541AF5956}.Debug|x86.Build.0 = Debug|Any CPU
		{DCBFD412-F64D-4806-84B0-FFC541AF5956}.Release|x86.ActiveCfg = Release|Any CPU
		{DCBFD412-F64D-4806-84B0-FFC541AF5956}.Release|x86.Build.0 = Release|Any CPU
		{DCBFD412-F64D-4806-84B0-FFC541AF5956}.Debug|iPhoneSimulator.ActiveCfg = Debug|Any CPU
		{DCBFD412-F64D-4806-84B0-FFC541AF5956}.Debug|iPhoneSimulator.Build.0 = Debug|Any CPU
		{DCBFD412-F64D-4806-84B0-FFC541AF5956}.Release|iPhone.ActiveCfg = Release|Any CPU
		{DCBFD412-F64D-4806-84B0-FFC541AF5956}.Release|iPhone.Build.0 = Release|Any CPU
		{DCBFD412-F64D-4806-84B0-FFC541AF5956}.Release|iPhoneSimulator.ActiveCfg = Release|Any CPU
		{DCBFD412-F64D-4806-84B0-FFC541AF5956}.Release|iPhoneSimulator.Build.0 = Release|Any CPU
		{DCBFD412-F64D-4806-84B0-FFC541AF5956}.Debug|iPhone.ActiveCfg = Debug|Any CPU
		{DCBFD412-F64D-4806-84B0-FFC541AF5956}.Debug|iPhone.Build.0 = Debug|Any CPU
		{890A470A-6CE8-4D6D-B16D-7EE2A68C0230}.Debug|x86.ActiveCfg = Debug|Any CPU
		{890A470A-6CE8-4D6D-B16D-7EE2A68C0230}.Debug|x86.Build.0 = Debug|Any CPU
		{890A470A-6CE8-4D6D-B16D-7EE2A68C0230}.Release|x86.ActiveCfg = Release|Any CPU
		{890A470A-6CE8-4D6D-B16D-7EE2A68C0230}.Release|x86.Build.0 = Release|Any CPU
		{890A470A-6CE8-4D6D-B16D-7EE2A68C0230}.Debug|iPhoneSimulator.ActiveCfg = Debug|Any CPU
		{890A470A-6CE8-4D6D-B16D-7EE2A68C0230}.Debug|iPhoneSimulator.Build.0 = Debug|Any CPU
		{890A470A-6CE8-4D6D-B16D-7EE2A68C0230}.Release|iPhone.ActiveCfg = Release|Any CPU
		{890A470A-6CE8-4D6D-B16D-7EE2A68C0230}.Release|iPhone.Build.0 = Release|Any CPU
		{890A470A-6CE8-4D6D-B16D-7EE2A68C0230}.Release|iPhoneSimulator.ActiveCfg = Release|Any CPU
		{890A470A-6CE8-4D6D-B16D-7EE2A68C0230}.Release|iPhoneSimulator.Build.0 = Release|Any CPU
		{890A470A-6CE8-4D6D-B16D-7EE2A68C0230}.Debug|iPhone.ActiveCfg = Debug|Any CPU
		{890A470A-6CE8-4D6D-B16D-7EE2A68C0230}.Debug|iPhone.Build.0 = Debug|Any CPU
	EndGlobalSection
EndGlobal
